{
  "nodes": {
    "chaotic": {
      "inputs": {
        "flake-schemas": "flake-schemas",
        "home-manager": "home-manager",
        "jovian": "jovian",
        "niks3": "niks3",
        "nixpkgs": "nixpkgs",
        "rust-overlay": "rust-overlay"
      },
      "locked": {
        "lastModified": 1781537616,
        "narHash": "sha256-xIymhdrUEJ1HXhprACY/st+m0uT9Y48uw7o68dMfJ+U=",
        "owner": "chaotic-cx",
        "repo": "nyx",
        "rev": "b3e97bde839af37572c2dc5781a3e9006c70031a",
        "type": "github"
      },
      "original": {
        "owner": "chaotic-cx",
        "ref": "nyxpkgs-unstable",
        "repo": "nyx",
        "type": "github"
      }
    },
    "flake-schemas": {
      "locked": {
        "lastModified": 1721999734,
        "narHash": "sha256-G5CxYeJVm4lcEtaO87LKzOsVnWeTcHGKbKxNamNWgOw=",
        "rev": "0a5c42297d870156d9c57d8f99e476b738dcd982",
        "revCount": 75,
        "type": "tarball",
        "url": "https://api.flakehub.com/f/pinned/DeterminateSystems/flake-schemas/0.1.5/0190ef2f-61e0-794b-ba14-e82f225e55e6/source.tar.gz"
      },
      "original": {
        "type": "tarball",
        "url": "https://flakehub.com/f/DeterminateSystems/flake-schemas/%3D0.1.5.tar.gz"
      }
    },
    "home-manager": {
      "inputs": {
        "nixpkgs": [
          "chaotic",
          "nixpkgs"
        ]
      },
      "locked": {
        "lastModified": 1781497404,
        "narHash": "sha256-9GAF8sSsnkyCVCWkomXR0T+zdSxyUlfPt6neQidimdg=",
        "owner": "nix-community",
        "repo": "home-manager",
        "rev": "1285cd3d6882a9847f2d56ed5541b3350c8a6162",
        "type": "github"
      },
      "original": {
        "owner": "nix-community",
        "repo": "home-manager",
        "type": "github"
      }
    },
    "home-manager_2": {
      "inputs": {
        "nixpkgs": [
          "nixpkgs"
        ]
      },
      "locked": {
        "lastModified": 1781557312,
        "narHash": "sha256-QOIRYSUFSq7L5mY3dZymaVhcnne3tPgoR9riB0WocjA=",
        "owner": "nix-community",
        "repo": "home-manager",
        "rev": "c03e4752899e55705dfa63979abd885c582a5c48",
        "type": "github"
      },
      "original": {
        "owner": "nix-community",
        "repo": "home-manager",
        "type": "github"
      }
    },
    "jovian": {
      "inputs": {
        "nix-github-actions": [
          "chaotic"
        ],
        "nixpkgs": [
          "chaotic",
          "nixpkgs"
        ]
      },
      "locked": {
        "lastModified": 1781344759,
        "narHash": "sha256-S6UBeQM7NLaQX6RZYS65fMypWfRQL/F4iRu0y8sTLPc=",
        "owner": "Jovian-Experiments",
        "repo": "Jovian-NixOS",
        "rev": "ffac737e4117f7e9f070d38078801a5433f19d5b",
        "type": "github"
      },
      "original": {
        "owner": "Jovian-Experiments",
        "repo": "Jovian-NixOS",
        "type": "github"
      }
    },
    "niks3": {
      "inputs": {
        "nixpkgs": [
          "chaotic",
          "nixpkgs"
        ],
        "treefmt-nix": [
          "chaotic"
        ]
      },
      "locked": {
        "lastModified": 1781027181,
        "narHash": "sha256-IHIUd1/lYTaS4ilHZNV6+x0fchxDpvUdMjwnnEBASu4=",
        "owner": "Mic92",
        "repo": "niks3",
        "rev": "c74d275536d9a38ff279b498612fae0fd68cfe85",
        "type": "github"
      },
      "original": {
        "owner": "Mic92",
        "repo": "niks3",
        "rev": "c74d275536d9a38ff279b498612fae0fd68cfe85",
        "type": "github"
      }
    },
    "nixpkgs": {
      "locked": {
        "lastModified": 1781074563,
        "narHash": "sha256-md8WlXOlfnIeHeOScMTTHFyf2d6iaTwPl2apR5EQ3P4=",
        "owner": "NixOS",
        "repo": "nixpkgs",
        "rev": "9ae611a455b90cf061d8f332b977e387bda8e1ca",
        "type": "github"
      },
      "original": {
        "owner": "NixOS",
        "ref": "nixos-unstable",
        "repo": "nixpkgs",
        "type": "github"
      }
    },
    "nixpkgs_2": {
      "locked": {
        "lastModified": 1781074563,
        "narHash": "sha256-md8WlXOlfnIeHeOScMTTHFyf2d6iaTwPl2apR5EQ3P4=",
        "owner": "nixos",
        "repo": "nixpkgs",
        "rev": "9ae611a455b90cf061d8f332b977e387bda8e1ca",
        "type": "github"
      },
      "original": {
        "owner": "nixos",
        "ref": "nixos-unstable",
        "repo": "nixpkgs",
        "type": "github"
      }
    },
    "nixpkgs_3": {
      "locked": {
        "lastModified": 1781074563,
        "narHash": "sha256-md8WlXOlfnIeHeOScMTTHFyf2d6iaTwPl2apR5EQ3P4=",
        "owner": "NixOS",
        "repo": "nixpkgs",
        "rev": "9ae611a455b90cf061d8f332b977e387bda8e1ca",
        "type": "github"
      },
      "original": {
        "owner": "NixOS",
        "ref": "nixos-unstable",
        "repo": "nixpkgs",
        "type": "github"
      }
    },
    "root": {
      "inputs": {
        "chaotic": "chaotic",
        "home-manager": "home-manager_2",
        "nixpkgs": "nixpkgs_2",
        "scopebuddy": "scopebuddy"
      }
    },
    "rust-overlay": {
      "inputs": {
        "nixpkgs": [
          "chaotic",
          "nixpkgs"
        ]
      },
      "locked": {
        "lastModified": 1781493707,
        "narHash": "sha256-lzf7qdQWuiY0T9VEbfH2CmP1LZQAYooU/sZuSgEJEBk=",
        "owner": "oxalica",
        "repo": "rust-overlay",
        "rev": "06f25b8e40805beb2121a4dae4cc37d6f981800f",
        "type": "github"
      },
      "original": {
        "owner": "oxalica",
        "repo": "rust-overlay",
        "type": "github"
      }
    },
    "scopebuddy": {
      "inputs": {
        "nixpkgs": "nixpkgs_3"
      },
      "locked": {
        "lastModified": 1772751261,
        "narHash": "sha256-3h6N5h9aYumIStx+G7qYZpKTOiMG+tQokjs8c+xuJ2A=",
        "owner": "HikariKnight",
        "repo": "ScopeBuddy",
        "rev": "150051976a2a1e64179edc7265175ba4e5f62f62",
        "type": "github"
      },
      "original": {
        "owner": "HikariKnight",
        "repo": "ScopeBuddy",
        "type": "github"
      }
    }
  },
  "root": "root",
  "version": 7
}
